
Microsoft Visual Studio Solution File, Format Version 12.00
# Visual Studio Version 17
VisualStudioVersion = 17.6.33815.320
MinimumVisualStudioVersion = 10.0.40219.1
Project("{FAE04EC0-301F-11D3-BF4B-00C04F79EFBC}") = "IntroASP", "IntroASP\IntroASP.csproj", "{0F3349B8-8F21-4D8E-80D2-15A6F0C8779C}"
EndProject
Global
	GlobalSection(SolutionConfigurationPlatforms) = preSolution
		Debug|Any CPU = Debug|Any CPU
		Release|Any CPU = Release|Any CPU
	EndGlobalSection
	GlobalSection(ProjectConfigurationPlatforms) = postSolution
		{0F3349B8-8F21-4D8E-80D2-15A6F0C8779C}.Debug|Any CPU.ActiveCfg = Debug|Any CPU
		{0F3349B8-8F21-4D8E-80D2-15A6F0C8779C}.Debug|Any CPU.Build.0 = Debug|Any CPU
		{0F3349B8-8F21-4D8E-80D2-15A6F0C8779C}.Release|Any CPU.ActiveCfg = Release|Any CPU
		{0F3349B8-8F21-4D8E-80D2-15A6F0C8779C}.Release|Any CPU.Build.0 = Release|Any CPU
	EndGlobalSection
	GlobalSection(SolutionProperties) = preSolution
		HideSolutionNode = FALSE
	EndGlobalSection
	GlobalSection(ExtensibilityGlobals) = postSolution
		SolutionGuid = {BCF9C4D0-346C-41B2-9A6A-AA1ACC42C418}
	EndGlobalSection
EndGlobal
